
Microsoft Visual Studio Solution File, Format Version 12.00
# Visual Studio Version 17
VisualStudioVersion = 17.1.32210.238
MinimumVisualStudioVersion = 10.0.40219.1
Project("{2150E333-8FDC-42A3-9474-1A3956D46DE8}") = "Outputs", "Outputs", "{6A31E887-9ED1-47BB-9AB4-2FAA625754D3}"
	ProjectSection(SolutionItems) = preProject
		Outputs\merge.ps1 = Outputs\merge.ps1
		Outputs\output.cs = Outputs\output.cs
	EndProjectSection
EndProject
Project("{9A19103F-16F7-4668-BE54-9A1E7A4F7556}") = "MadPodRacing.Domain", "MadPodRacing.Domain\MadPodRacing.Domain.csproj", "{A6F1F5E7-4442-416F-BA85-FCE3E76E156A}"
EndProject
Project("{9A19103F-16F7-4668-BE54-9A1E7A4F7556}") = "MadPodRacing.Domain.Tests", "MadPodRacing.Domain.Tests\MadPodRacing.Domain.Tests.csproj", "{284A3B81-B9F6-4A0F-BCC3-03376BD0ECAB}"
EndProject
Project("{FAE04EC0-301F-11D3-BF4B-00C04F79EFBC}") = "MadPodRacing.WPF", "MadPodRacing.WPF\MadPodRacing.WPF.csproj", "{C5C97382-29A4-4A98-9797-CDAC407589F6}"
EndProject
Global
	GlobalSection(SolutionConfigurationPlatforms) = preSolution
		Debug|Any CPU = Debug|Any CPU
		Release|Any CPU = Release|Any CPU
	EndGlobalSection
	GlobalSection(ProjectConfigurationPlatforms) = postSolution
		{A6F1F5E7-4442-416F-BA85-FCE3E76E156A}.Debug|Any CPU.ActiveCfg = Debug|Any CPU
		{A6F1F5E7-4442-416F-BA85-FCE3E76E156A}.Debug|Any CPU.Build.0 = Debug|Any CPU
		{A6F1F5E7-4442-416F-BA85-FCE3E76E156A}.Release|Any CPU.ActiveCfg = Release|Any CPU
		{A6F1F5E7-4442-416F-BA85-FCE3E76E156A}.Release|Any CPU.Build.0 = Release|Any CPU
		{284A3B81-B9F6-4A0F-BCC3-03376BD0ECAB}.Debug|Any CPU.ActiveCfg = Debug|Any CPU
		{284A3B81-B9F6-4A0F-BCC3-03376BD0ECAB}.Debug|Any CPU.Build.0 = Debug|Any CPU
		{284A3B81-B9F6-4A0F-BCC3-03376BD0ECAB}.Release|Any CPU.ActiveCfg = Release|Any CPU
		{284A3B81-B9F6-4A0F-BCC3-03376BD0ECAB}.Release|Any CPU.Build.0 = Release|Any CPU
		{C5C97382-29A4-4A98-9797-CDAC407589F6}.Debug|Any CPU.ActiveCfg = Debug|Any CPU
		{C5C97382-29A4-4A98-9797-CDAC407589F6}.Debug|Any CPU.Build.0 = Debug|Any CPU
		{C5C97382-29A4-4A98-9797-CDAC407589F6}.Release|Any CPU.ActiveCfg = Release|Any CPU
		{C5C97382-29A4-4A98-9797-CDAC407589F6}.Release|Any CPU.Build.0 = Release|Any CPU
	EndGlobalSection
	GlobalSection(SolutionProperties) = preSolution
		HideSolutionNode = FALSE
	EndGlobalSection
	GlobalSection(ExtensibilityGlobals) = postSolution
		SolutionGuid = {50D6232A-1153-4D7C-9C52-8AFE06DCA3BA}
	EndGlobalSection
EndGlobal
